
Microsoft Visual Studio Solution File, Format Version 12.00
# Visual Studio 14
VisualStudioVersion = 14.0.24720.0
MinimumVisualStudioVersion = 10.0.40219.1
Project("{FAE04EC0-301F-11D3-BF4B-00C04F79EFBC}") = "FTF.Specs", "FTF.Specs\FTF.Specs.csproj", "{C8CC1BFF-8B40-4053-861A-5E1549E6AEC2}"
EndProject
Project("{FAE04EC0-301F-11D3-BF4B-00C04F79EFBC}") = "FTF.Core", "FTF.Core\FTF.Core.csproj", "{B8BB0669-72D6-4CE9-872C-F041E367AB7C}"
EndProject
Project("{FAE04EC0-301F-11D3-BF4B-00C04F79EFBC}") = "FTF.Storage.EntityFramework", "FTF.Storage.EntityFramework\FTF.Storage.EntityFramework.csproj", "{C5A4E268-B508-436F-9AFA-B6BE4D27562D}"
EndProject
Project("{FAE04EC0-301F-11D3-BF4B-00C04F79EFBC}") = "FTF.Tests.Unit", "FTF.Tests.Unit\FTF.Tests.Unit.csproj", "{893A9C7D-87D3-44B3-B8CC-9F586355F406}"
EndProject
Project("{2150E333-8FDC-42A3-9474-1A3956D46DE8}") = "Solution Items", "Solution Items", "{A3C4A060-1B50-4CC8-87BE-522AE0179AEA}"
	ProjectSection(SolutionItems) = preProject
		README.md = README.md
	EndProjectSection
EndProject
Global
	GlobalSection(SolutionConfigurationPlatforms) = preSolution
		Debug|Any CPU = Debug|Any CPU
		Release|Any CPU = Release|Any CPU
	EndGlobalSection
	GlobalSection(ProjectConfigurationPlatforms) = postSolution
		{C8CC1BFF-8B40-4053-861A-5E1549E6AEC2}.Debug|Any CPU.ActiveCfg = Debug|Any CPU
		{C8CC1BFF-8B40-4053-861A-5E1549E6AEC2}.Debug|Any CPU.Build.0 = Debug|Any CPU
		{C8CC1BFF-8B40-4053-861A-5E1549E6AEC2}.Release|Any CPU.ActiveCfg = Release|Any CPU
		{C8CC1BFF-8B40-4053-861A-5E1549E6AEC2}.Release|Any CPU.Build.0 = Release|Any CPU
		{B8BB0669-72D6-4CE9-872C-F041E367AB7C}.Debug|Any CPU.ActiveCfg = Debug|Any CPU
		{B8BB0669-72D6-4CE9-872C-F041E367AB7C}.Debug|Any CPU.Build.0 = Debug|Any CPU
		{B8BB0669-72D6-4CE9-872C-F041E367AB7C}.Release|Any CPU.ActiveCfg = Release|Any CPU
		{B8BB0669-72D6-4CE9-872C-F041E367AB7C}.Release|Any CPU.Build.0 = Release|Any CPU
		{C5A4E268-B508-436F-9AFA-B6BE4D27562D}.Debug|Any CPU.ActiveCfg = Debug|Any CPU
		{C5A4E268-B508-436F-9AFA-B6BE4D27562D}.Debug|Any CPU.Build.0 = Debug|Any CPU
		{C5A4E268-B508-436F-9AFA-B6BE4D27562D}.Release|Any CPU.ActiveCfg = Release|Any CPU
		{C5A4E268-B508-436F-9AFA-B6BE4D27562D}.Release|Any CPU.Build.0 = Release|Any CPU
		{893A9C7D-87D3-44B3-B8CC-9F586355F406}.Debug|Any CPU.ActiveCfg = Debug|Any CPU
		{893A9C7D-87D3-44B3-B8CC-9F586355F406}.Debug|Any CPU.Build.0 = Debug|Any CPU
		{893A9C7D-87D3-44B3-B8CC-9F586355F406}.Release|Any CPU.ActiveCfg = Release|Any CPU
		{893A9C7D-87D3-44B3-B8CC-9F586355F406}.Release|Any CPU.Build.0 = Release|Any CPU
	EndGlobalSection
	GlobalSection(SolutionProperties) = preSolution
		HideSolutionNode = FALSE
	EndGlobalSection
EndGlobal
