
Microsoft Visual Studio Solution File, Format Version 12.00
# Visual Studio 14
VisualStudioVersion = 14.0.24720.0
MinimumVisualStudioVersion = 10.0.40219.1
Project("{FAE04EC0-301F-11D3-BF4B-00C04F79EFBC}") = "FTF.Core", "FTF.Core\FTF.Core.csproj", "{B8BB0669-72D6-4CE9-872C-F041E367AB7C}"
EndProject
Project("{2150E333-8FDC-42A3-9474-1A3956D46DE8}") = "Solution Items", "Solution Items", "{A3C4A060-1B50-4CC8-87BE-522AE0179AEA}"
	ProjectSection(SolutionItems) = preProject
		README.md = README.md
	EndProjectSection
EndProject
Project("{FAE04EC0-301F-11D3-BF4B-00C04F79EFBC}") = "FTF.Api", "FTF.Api\FTF.Api.csproj", "{15E623DF-5A5C-42A4-8DBA-4E4C0312BCA7}"
EndProject
Project("{FAE04EC0-301F-11D3-BF4B-00C04F79EFBC}") = "FTF.Tests.XUnit", "FTF.Tests.XUnit\FTF.Tests.XUnit.csproj", "{F36A6D44-3F94-4853-A8F0-8180AC3EE714}"
EndProject
Project("{FAE04EC0-301F-11D3-BF4B-00C04F79EFBC}") = "FTF.IoC.SimpleInjector", "FTF.IoC.SimpleInjector\FTF.IoC.SimpleInjector.csproj", "{44089CC5-6806-4DFB-8A67-D3B8B5EC7CF2}"
EndProject
Project("{FAE04EC0-301F-11D3-BF4B-00C04F79EFBC}") = "FTF.Web", "FTF.Web\FTF.Web.csproj", "{D3580AC3-E241-4BFA-B029-ACBB29D226A2}"
EndProject
Global
	GlobalSection(SolutionConfigurationPlatforms) = preSolution
		Debug|Any CPU = Debug|Any CPU
		Release|Any CPU = Release|Any CPU
	EndGlobalSection
	GlobalSection(ProjectConfigurationPlatforms) = postSolution
		{B8BB0669-72D6-4CE9-872C-F041E367AB7C}.Debug|Any CPU.ActiveCfg = Debug|Any CPU
		{B8BB0669-72D6-4CE9-872C-F041E367AB7C}.Debug|Any CPU.Build.0 = Debug|Any CPU
		{B8BB0669-72D6-4CE9-872C-F041E367AB7C}.Release|Any CPU.ActiveCfg = Release|Any CPU
		{B8BB0669-72D6-4CE9-872C-F041E367AB7C}.Release|Any CPU.Build.0 = Release|Any CPU
		{15E623DF-5A5C-42A4-8DBA-4E4C0312BCA7}.Debug|Any CPU.ActiveCfg = Debug|Any CPU
		{15E623DF-5A5C-42A4-8DBA-4E4C0312BCA7}.Debug|Any CPU.Build.0 = Debug|Any CPU
		{15E623DF-5A5C-42A4-8DBA-4E4C0312BCA7}.Release|Any CPU.ActiveCfg = Release|Any CPU
		{15E623DF-5A5C-42A4-8DBA-4E4C0312BCA7}.Release|Any CPU.Build.0 = Release|Any CPU
		{F36A6D44-3F94-4853-A8F0-8180AC3EE714}.Debug|Any CPU.ActiveCfg = Debug|Any CPU
		{F36A6D44-3F94-4853-A8F0-8180AC3EE714}.Debug|Any CPU.Build.0 = Debug|Any CPU
		{F36A6D44-3F94-4853-A8F0-8180AC3EE714}.Release|Any CPU.ActiveCfg = Release|Any CPU
		{F36A6D44-3F94-4853-A8F0-8180AC3EE714}.Release|Any CPU.Build.0 = Release|Any CPU
		{44089CC5-6806-4DFB-8A67-D3B8B5EC7CF2}.Debug|Any CPU.ActiveCfg = Debug|Any CPU
		{44089CC5-6806-4DFB-8A67-D3B8B5EC7CF2}.Debug|Any CPU.Build.0 = Debug|Any CPU
		{44089CC5-6806-4DFB-8A67-D3B8B5EC7CF2}.Release|Any CPU.ActiveCfg = Release|Any CPU
		{44089CC5-6806-4DFB-8A67-D3B8B5EC7CF2}.Release|Any CPU.Build.0 = Release|Any CPU
		{D3580AC3-E241-4BFA-B029-ACBB29D226A2}.Debug|Any CPU.ActiveCfg = Debug|Any CPU
		{D3580AC3-E241-4BFA-B029-ACBB29D226A2}.Debug|Any CPU.Build.0 = Debug|Any CPU
		{D3580AC3-E241-4BFA-B029-ACBB29D226A2}.Release|Any CPU.ActiveCfg = Release|Any CPU
		{D3580AC3-E241-4BFA-B029-ACBB29D226A2}.Release|Any CPU.Build.0 = Release|Any CPU
	EndGlobalSection
	GlobalSection(SolutionProperties) = preSolution
		HideSolutionNode = FALSE
	EndGlobalSection
EndGlobal
